{
  "name": "guest-applets-code-warehouse",
  "version": "1.0.0",
  "lockfileVersion": 1,
  "requires": true,
  "dependencies": {
    "@vant/weapp": {
      "version": "1.10.11",
      "resolved": "https://registry.npmmirror.com/@vant/weapp/-/weapp-1.10.11.tgz",
      "integrity": "sha512-ESJfvagXQyANuhxLa7wf0viGFt7n3ILMZnNXphLwBAf2ftO3zRmy09z/BSDjBxN1UDlNvacKw6X4SRAHZA2zHA=="
    },
    "commander": {
      "version": "13.1.0",
      "resolved": "https://registry.npmjs.org/commander/-/commander-13.1.0.tgz",
      "integrity": "sha512-/rFeCpNJQbhSZjGVwO9RFV3xPqbnERS8MmIQzCtD/zl6gpJuV/bMLuN92oG3F7d8oDEHHRrujSXNUr8fpjntKw=="
    },
    "mockjs": {
      "version": "1.1.0",
      "resolved": "https://registry.npmjs.org/mockjs/-/mockjs-1.1.0.tgz",
      "integrity": "sha512-eQsKcWzIaZzEZ07NuEyO4Nw65g0hdWAyurVol1IPl1gahRwY+svqzfgfey8U8dahLwG44d6/RwEzuK52rSa/JQ==",
      "requires": {
        "commander": "*"
      }
    }
  }
}
